
Microsoft Visual Studio Solution File, Format Version 12.00
# Visual Studio Version 16
VisualStudioVersion = 16.0.31321.278
MinimumVisualStudioVersion = 10.0.40219.1
Project("{FAE04EC0-301F-11D3-BF4B-00C04F79EFBC}") = "ZadaniaTestoweITCard", "ZadaniaTestoweITCard.csproj", "{BA679BA5-EA23-4F1B-A80A-A8FDD382B05C}"
EndProject
Global
	GlobalSection(SolutionConfigurationPlatforms) = preSolution
		Debug|Any CPU = Debug|Any CPU
		Release|Any CPU = Release|Any CPU
	EndGlobalSection
	GlobalSection(ProjectConfigurationPlatforms) = postSolution
		{BA679BA5-EA23-4F1B-A80A-A8FDD382B05C}.Debug|Any CPU.ActiveCfg = Debug|Any CPU
		{BA679BA5-EA23-4F1B-A80A-A8FDD382B05C}.Debug|Any CPU.Build.0 = Debug|Any CPU
		{BA679BA5-EA23-4F1B-A80A-A8FDD382B05C}.Release|Any CPU.ActiveCfg = Release|Any CPU
		{BA679BA5-EA23-4F1B-A80A-A8FDD382B05C}.Release|Any CPU.Build.0 = Release|Any CPU
	EndGlobalSection
	GlobalSection(SolutionProperties) = preSolution
		HideSolutionNode = FALSE
	EndGlobalSection
	GlobalSection(ExtensibilityGlobals) = postSolution
		SolutionGuid = {4C9B54EC-83CC-4239-8920-44244E7E72A5}
	EndGlobalSection
EndGlobal
